
Microsoft Visual Studio Solution File, Format Version 12.00
# Visual Studio 16
Project("{FAE04EC0-301F-11D3-BF4B-00C04F79EFBC}") = "Assembly-CSharp", "Assembly-CSharp.csproj", "{613DA888-A63E-3118-6126-26278F729540}"
EndProject
Project("{FAE04EC0-301F-11D3-BF4B-00C04F79EFBC}") = "Assembly-CSharp-firstpass", "Assembly-CSharp-firstpass.csproj", "{BA7CD39B-814C-620F-A7E0-1ACE26CA4218}"
EndProject
Project("{FAE04EC0-301F-11D3-BF4B-00C04F79EFBC}") = "Assembly-CSharp-Editor", "Assembly-CSharp-Editor.csproj", "{A5CB46B7-63DF-0E1B-3357-532C0D4D5F66}"
EndProject
Global
	GlobalSection(SolutionConfigurationPlatforms) = preSolution
		Debug|Any CPU = Debug|Any CPU
		Release|Any CPU = Release|Any CPU
	EndGlobalSection
	GlobalSection(ProjectConfigurationPlatforms) = postSolution
		{613DA888-A63E-3118-6126-26278F729540}.Debug|Any CPU.ActiveCfg = Debug|Any CPU
		{613DA888-A63E-3118-6126-26278F729540}.Debug|Any CPU.Build.0 = Debug|Any CPU
		{613DA888-A63E-3118-6126-26278F729540}.Release|Any CPU.ActiveCfg = Release|Any CPU
		{613DA888-A63E-3118-6126-26278F729540}.Release|Any CPU.Build.0 = Release|Any CPU
		{BA7CD39B-814C-620F-A7E0-1ACE26CA4218}.Debug|Any CPU.ActiveCfg = Debug|Any CPU
		{BA7CD39B-814C-620F-A7E0-1ACE26CA4218}.Debug|Any CPU.Build.0 = Debug|Any CPU
		{BA7CD39B-814C-620F-A7E0-1ACE26CA4218}.Release|Any CPU.ActiveCfg = Release|Any CPU
		{BA7CD39B-814C-620F-A7E0-1ACE26CA4218}.Release|Any CPU.Build.0 = Release|Any CPU
		{A5CB46B7-63DF-0E1B-3357-532C0D4D5F66}.Debug|Any CPU.ActiveCfg = Debug|Any CPU
		{A5CB46B7-63DF-0E1B-3357-532C0D4D5F66}.Debug|Any CPU.Build.0 = Debug|Any CPU
		{A5CB46B7-63DF-0E1B-3357-532C0D4D5F66}.Release|Any CPU.ActiveCfg = Release|Any CPU
		{A5CB46B7-63DF-0E1B-3357-532C0D4D5F66}.Release|Any CPU.Build.0 = Release|Any CPU
	EndGlobalSection
	GlobalSection(SolutionProperties) = preSolution
		HideSolutionNode = FALSE
	EndGlobalSection
EndGlobal
